// !$*UTF8*$!
{
	archiveVersion = 1;
	classes = {
	};
	objectVersion = 50;
	objects = {

/* Begin PBXBuildFile section */
		413DE36824EFC95E00FEDA08 /* NSArray+YYJ.m in Sources */ = {isa = PBXBuildFile; fileRef = 413DE36724EFC95E00FEDA08 /* NSArray+YYJ.m */; };
		413DE36B24EFC97100FEDA08 /* NSDictionary+YYJ.m in Sources */ = {isa = PBXBuildFile; fileRef = 413DE36A24EFC97100FEDA08 /* NSDictionary+YYJ.m */; };
		413DE36E24EFCEEA00FEDA08 /* UILabel+YYJ.m in Sources */ = {isa = PBXBuildFile; fileRef = 413DE36D24EFCEEA00FEDA08 /* UILabel+YYJ.m */; };
		416BC7A224EFAFCA00AECE99 /* AppDelegate.m in Sources */ = {isa = PBXBuildFile; fileRef = 416BC7A124EFAFCA00AECE99 /* AppDelegate.m */; };
		416BC7A524EFAFCA00AECE99 /* SceneDelegate.m in Sources */ = {isa = PBXBuildFile; fileRef = 416BC7A424EFAFCA00AECE99 /* SceneDelegate.m */; };
		416BC7A824EFAFCA00AECE99 /* ViewController.m in Sources */ = {isa = PBXBuildFile; fileRef = 416BC7A724EFAFCA00AECE99 /* ViewController.m */; };
		416BC7AB24EFAFCA00AECE99 /* Main.storyboard in Resources */ = {isa = PBXBuildFile; fileRef = 416BC7A924EFAFCA00AECE99 /* Main.storyboard */; };
		416BC7AD24EFAFCA00AECE99 /* Assets.xcassets in Resources */ = {isa = PBXBuildFile; fileRef = 416BC7AC24EFAFCA00AECE99 /* Assets.xcassets */; };
		416BC7B024EFAFCA00AECE99 /* LaunchScreen.storyboard in Resources */ = {isa = PBXBuildFile; fileRef = 416BC7AE24EFAFCA00AECE99 /* LaunchScreen.storyboard */; };
		416BC7B324EFAFCA00AECE99 /* main.m in Sources */ = {isa = PBXBuildFile; fileRef = 416BC7B224EFAFCA00AECE99 /* main.m */; };
		416BC7BD24EFAFCA00AECE99 /* YYJKitDemoTests.m in Sources */ = {isa = PBXBuildFile; fileRef = 416BC7BC24EFAFCA00AECE99 /* YYJKitDemoTests.m */; };
		416BC7C824EFAFCA00AECE99 /* YYJKitDemoUITests.m in Sources */ = {isa = PBXBuildFile; fileRef = 416BC7C724EFAFCA00AECE99 /* YYJKitDemoUITests.m */; };
		41A412F724EFF67100B9C20E /* UIView+YYJ.m in Sources */ = {isa = PBXBuildFile; fileRef = 41A412F624EFF67100B9C20E /* UIView+YYJ.m */; };
		41A412FA24EFF69200B9C20E /* UIButton+YYJ.m in Sources */ = {isa = PBXBuildFile; fileRef = 41A412F924EFF69200B9C20E /* UIButton+YYJ.m */; };
		41CD952724F36D2A00ABF5FC /* YYJUtil.m in Sources */ = {isa = PBXBuildFile; fileRef = 41CD952624F36D2A00ABF5FC /* YYJUtil.m */; };
/* End PBXBuildFile section */

/* Begin PBXContainerItemProxy section */
		416BC7B924EFAFCA00AECE99 /* PBXContainerItemProxy */ = {
			isa = PBXContainerItemProxy;
			containerPortal = 416BC79524EFAFC900AECE99 /* Project object */;
			proxyType = 1;
			remoteGlobalIDString = 416BC79C24EFAFC900AECE99;
			remoteInfo = YYJKitDemo;
		};
		416BC7C424EFAFCA00AECE99 /* PBXContainerItemProxy */ = {
			isa = PBXContainerItemProxy;
			containerPortal = 416BC79524EFAFC900AECE99 /* Project object */;
			proxyType = 1;
			remoteGlobalIDString = 416BC79C24EFAFC900AECE99;
			remoteInfo = YYJKitDemo;
		};
/* End PBXContainerItemProxy section */

/* Begin PBXFileReference section */
		413DE36624EFC95E00FEDA08 /* NSArray+YYJ.h */ = {isa = PBXFileReference; lastKnownFileType = sourcecode.c.h; path = "NSArray+YYJ.h"; sourceTree = "<group>"; };
		413DE36724EFC95E00FEDA08 /* NSArray+YYJ.m */ = {isa = PBXFileReference; lastKnownFileType = sourcecode.c.objc; path = "NSArray+YYJ.m"; sourceTree = "<group>"; };
		413DE36924EFC97100FEDA08 /* NSDictionary+YYJ.h */ = {isa = PBXFileReference; lastKnownFileType = sourcecode.c.h; path = "NSDictionary+YYJ.h"; sourceTree = "<group>"; };
		413DE36A24EFC97100FEDA08 /* NSDictionary+YYJ.m */ = {isa = PBXFileReference; lastKnownFileType = sourcecode.c.objc; path = "NSDictionary+YYJ.m"; sourceTree = "<group>"; };
		413DE36C24EFCEEA00FEDA08 /* UILabel+YYJ.h */ = {isa = PBXFileReference; lastKnownFileType = sourcecode.c.h; path = "UILabel+YYJ.h"; sourceTree = "<group>"; };
		413DE36D24EFCEEA00FEDA08 /* UILabel+YYJ.m */ = {isa = PBXFileReference; lastKnownFileType = sourcecode.c.objc; path = "UILabel+YYJ.m"; sourceTree = "<group>"; };
		416BC79D24EFAFCA00AECE99 /* YYJKitDemo.app */ = {isa = PBXFileReference; explicitFileType = wrapper.application; includeInIndex = 0; path = YYJKitDemo.app; sourceTree = BUILT_PRODUCTS_DIR; };
		416BC7A024EFAFCA00AECE99 /* AppDelegate.h */ = {isa = PBXFileReference; lastKnownFileType = sourcecode.c.h; path = AppDelegate.h; sourceTree = "<group>"; };
		416BC7A124EFAFCA00AECE99 /* AppDelegate.m */ = {isa = PBXFileReference; lastKnownFileType = sourcecode.c.objc; path = AppDelegate.m; sourceTree = "<group>"; };
		416BC7A324EFAFCA00AECE99 /* SceneDelegate.h */ = {isa = PBXFileReference; lastKnownFileType = sourcecode.c.h; path = SceneDelegate.h; sourceTree = "<group>"; };
		416BC7A424EFAFCA00AECE99 /* SceneDelegate.m */ = {isa = PBXFileReference; lastKnownFileType = sourcecode.c.objc; path = SceneDelegate.m; sourceTree = "<group>"; };
		416BC7A624EFAFCA00AECE99 /* ViewController.h */ = {isa = PBXFileReference; lastKnownFileType = sourcecode.c.h; path = ViewController.h; sourceTree = "<group>"; };
		416BC7A724EFAFCA00AECE99 /* ViewController.m */ = {isa = PBXFileReference; lastKnownFileType = sourcecode.c.objc; path = ViewController.m; sourceTree = "<group>"; };
		416BC7AA24EFAFCA00AECE99 /* Base */ = {isa = PBXFileReference; lastKnownFileType = file.storyboard; name = Base; path = Base.lproj/Main.storyboard; sourceTree = "<group>"; };
		416BC7AC24EFAFCA00AECE99 /* Assets.xcassets */ = {isa = PBXFileReference; lastKnownFileType = folder.assetcatalog; path = Assets.xcassets; sourceTree = "<group>"; };
		416BC7AF24EFAFCA00AECE99 /* Base */ = {isa = PBXFileReference; lastKnownFileType = file.storyboard; name = Base; path = Base.lproj/LaunchScreen.storyboard; sourceTree = "<group>"; };
		416BC7B124EFAFCA00AECE99 /* Info.plist */ = {isa = PBXFileReference; lastKnownFileType = text.plist.xml; path = Info.plist; sourceTree = "<group>"; };
		416BC7B224EFAFCA00AECE99 /* main.m */ = {isa = PBXFileReference; lastKnownFileType = sourcecode.c.objc; path = main.m; sourceTree = "<group>"; };
		416BC7B824EFAFCA00AECE99 /* YYJKitDemoTests.xctest */ = {isa = PBXFileReference; explicitFileType = wrapper.cfbundle; includeInIndex = 0; path = YYJKitDemoTests.xctest; sourceTree = BUILT_PRODUCTS_DIR; };
		416BC7BC24EFAFCA00AECE99 /* YYJKitDemoTests.m */ = {isa = PBXFileReference; lastKnownFileType = sourcecode.c.objc; path = YYJKitDemoTests.m; sourceTree = "<group>"; };
		416BC7BE24EFAFCA00AECE99 /* Info.plist */ = {isa = PBXFileReference; lastKnownFileType = text.plist.xml; path = Info.plist; sourceTree = "<group>"; };
		416BC7C324EFAFCA00AECE99 /* YYJKitDemoUITests.xctest */ = {isa = PBXFileReference; explicitFileType = wrapper.cfbundle; includeInIndex = 0; path = YYJKitDemoUITests.xctest; sourceTree = BUILT_PRODUCTS_DIR; };
		416BC7C724EFAFCA00AECE99 /* YYJKitDemoUITests.m */ = {isa = PBXFileReference; lastKnownFileType = sourcecode.c.objc; path = YYJKitDemoUITests.m; sourceTree = "<group>"; };
		416BC7C924EFAFCA00AECE99 /* Info.plist */ = {isa = PBXFileReference; lastKnownFileType = text.plist.xml; path = Info.plist; sourceTree = "<group>"; };
		41A412F524EFF67100B9C20E /* UIView+YYJ.h */ = {isa = PBXFileReference; lastKnownFileType = sourcecode.c.h; path = "UIView+YYJ.h"; sourceTree = "<group>"; };
		41A412F624EFF67100B9C20E /* UIView+YYJ.m */ = {isa = PBXFileReference; lastKnownFileType = sourcecode.c.objc; path = "UIView+YYJ.m"; sourceTree = "<group>"; };
		41A412F824EFF69200B9C20E /* UIButton+YYJ.h */ = {isa = PBXFileReference; lastKnownFileType = sourcecode.c.h; path = "UIButton+YYJ.h"; sourceTree = "<group>"; };
		41A412F924EFF69200B9C20E /* UIButton+YYJ.m */ = {isa = PBXFileReference; lastKnownFileType = sourcecode.c.objc; path = "UIButton+YYJ.m"; sourceTree = "<group>"; };
		41A412FC24EFF6FF00B9C20E /* YYJKit.h */ = {isa = PBXFileReference; lastKnownFileType = sourcecode.c.h; path = YYJKit.h; sourceTree = "<group>"; };
		41CD952524F36D2A00ABF5FC /* YYJUtil.h */ = {isa = PBXFileReference; lastKnownFileType = sourcecode.c.h; path = YYJUtil.h; sourceTree = "<group>"; };
		41CD952624F36D2A00ABF5FC /* YYJUtil.m */ = {isa = PBXFileReference; lastKnownFileType = sourcecode.c.objc; path = YYJUtil.m; sourceTree = "<group>"; };
		72D4997024F1A4BC007142C2 /* YYJConstant.h */ = {isa = PBXFileReference; lastKnownFileType = sourcecode.c.h; path = YYJConstant.h; sourceTree = "<group>"; };
		72D4997124F1A4D2007142C2 /* YYJDefine.h */ = {isa = PBXFileReference; lastKnownFileType = sourcecode.c.h; path = YYJDefine.h; sourceTree = "<group>"; };
		72D4997224F1A6D8007142C2 /* YYJMacro.h */ = {isa = PBXFileReference; lastKnownFileType = sourcecode.c.h; path = YYJMacro.h; sourceTree = "<group>"; };
/* End PBXFileReference section */

/* Begin PBXFrameworksBuildPhase section */
		416BC79A24EFAFC900AECE99 /* Frameworks */ = {
			isa = PBXFrameworksBuildPhase;
			buildActionMask = 2147483647;
			files = (
			);
			runOnlyForDeploymentPostprocessing = 0;
		};
		416BC7B524EFAFCA00AECE99 /* Frameworks */ = {
			isa = PBXFrameworksBuildPhase;
			buildActionMask = 2147483647;
			files = (
			);
			runOnlyForDeploymentPostprocessing = 0;
		};
		416BC7C024EFAFCA00AECE99 /* Frameworks */ = {
			isa = PBXFrameworksBuildPhase;
			buildActionMask = 2147483647;
			files = (
			);
			runOnlyForDeploymentPostprocessing = 0;
		};
/* End PBXFrameworksBuildPhase section */

/* Begin PBXGroup section */
		416BC79424EFAFC900AECE99 = {
			isa = PBXGroup;
			children = (
				416BC7D524EFB1C000AECE99 /* YYJKit */,
				416BC79F24EFAFCA00AECE99 /* YYJKitDemo */,
				416BC7BB24EFAFCA00AECE99 /* YYJKitDemoTests */,
				416BC7C624EFAFCA00AECE99 /* YYJKitDemoUITests */,
				416BC79E24EFAFCA00AECE99 /* Products */,
			);
			sourceTree = "<group>";
		};
		416BC79E24EFAFCA00AECE99 /* Products */ = {
			isa = PBXGroup;
			children = (
				416BC79D24EFAFCA00AECE99 /* YYJKitDemo.app */,
				416BC7B824EFAFCA00AECE99 /* YYJKitDemoTests.xctest */,
				416BC7C324EFAFCA00AECE99 /* YYJKitDemoUITests.xctest */,
			);
			name = Products;
			sourceTree = "<group>";
		};
		416BC79F24EFAFCA00AECE99 /* YYJKitDemo */ = {
			isa = PBXGroup;
			children = (
				416BC7A024EFAFCA00AECE99 /* AppDelegate.h */,
				416BC7A124EFAFCA00AECE99 /* AppDelegate.m */,
				416BC7A324EFAFCA00AECE99 /* SceneDelegate.h */,
				416BC7A424EFAFCA00AECE99 /* SceneDelegate.m */,
				416BC7A624EFAFCA00AECE99 /* ViewController.h */,
				416BC7A724EFAFCA00AECE99 /* ViewController.m */,
				416BC7A924EFAFCA00AECE99 /* Main.storyboard */,
				416BC7AC24EFAFCA00AECE99 /* Assets.xcassets */,
				416BC7AE24EFAFCA00AECE99 /* LaunchScreen.storyboard */,
				416BC7B124EFAFCA00AECE99 /* Info.plist */,
				416BC7B224EFAFCA00AECE99 /* main.m */,
			);
			path = YYJKitDemo;
			sourceTree = "<group>";
		};
		416BC7BB24EFAFCA00AECE99 /* YYJKitDemoTests */ = {
			isa = PBXGroup;
			children = (
				416BC7BC24EFAFCA00AECE99 /* YYJKitDemoTests.m */,
				416BC7BE24EFAFCA00AECE99 /* Info.plist */,
			);
			path = YYJKitDemoTests;
			sourceTree = "<group>";
		};
		416BC7C624EFAFCA00AECE99 /* YYJKitDemoUITests */ = {
			isa = PBXGroup;
			children = (
				416BC7C724EFAFCA00AECE99 /* YYJKitDemoUITests.m */,
				416BC7C924EFAFCA00AECE99 /* Info.plist */,
			);
			path = YYJKitDemoUITests;
			sourceTree = "<group>";
		};
		416BC7D524EFB1C000AECE99 /* YYJKit */ = {
			isa = PBXGroup;
			children = (
				41A412FC24EFF6FF00B9C20E /* YYJKit.h */,
				41A412FB24EFF6E000B9C20E /* category */,
				72D4996F24F1A429007142C2 /* gloab */,
			);
			path = YYJKit;
			sourceTree = "<group>";
		};
		41A412FB24EFF6E000B9C20E /* category */ = {
			isa = PBXGroup;
			children = (
				413DE36624EFC95E00FEDA08 /* NSArray+YYJ.h */,
				413DE36724EFC95E00FEDA08 /* NSArray+YYJ.m */,
				413DE36924EFC97100FEDA08 /* NSDictionary+YYJ.h */,
				413DE36A24EFC97100FEDA08 /* NSDictionary+YYJ.m */,
				413DE36C24EFCEEA00FEDA08 /* UILabel+YYJ.h */,
				413DE36D24EFCEEA00FEDA08 /* UILabel+YYJ.m */,
				41A412F524EFF67100B9C20E /* UIView+YYJ.h */,
				41A412F624EFF67100B9C20E /* UIView+YYJ.m */,
				41A412F824EFF69200B9C20E /* UIButton+YYJ.h */,
				41A412F924EFF69200B9C20E /* UIButton+YYJ.m */,
			);
			path = category;
			sourceTree = "<group>";
		};
		72D4996F24F1A429007142C2 /* gloab */ = {
			isa = PBXGroup;
			children = (
				72D4997024F1A4BC007142C2 /* YYJConstant.h */,
				72D4997124F1A4D2007142C2 /* YYJDefine.h */,
				72D4997224F1A6D8007142C2 /* YYJMacro.h */,
				41CD952524F36D2A00ABF5FC /* YYJUtil.h */,
				41CD952624F36D2A00ABF5FC /* YYJUtil.m */,
			);
			path = gloab;
			sourceTree = "<group>";
		};
/* End PBXGroup section */

/* Begin PBXNativeTarget section */
		416BC79C24EFAFC900AECE99 /* YYJKitDemo */ = {
			isa = PBXNativeTarget;
			buildConfigurationList = 416BC7CC24EFAFCA00AECE99 /* Build configuration list for PBXNativeTarget "YYJKitDemo" */;
			buildPhases = (
				416BC79924EFAFC900AECE99 /* Sources */,
				416BC79A24EFAFC900AECE99 /* Frameworks */,
				416BC79B24EFAFC900AECE99 /* Resources */,
			);
			buildRules = (
			);
			dependencies = (
			);
			name = YYJKitDemo;
			productName = YYJKitDemo;
			productReference = 416BC79D24EFAFCA00AECE99 /* YYJKitDemo.app */;
			productType = "com.apple.product-type.application";
		};
		416BC7B724EFAFCA00AECE99 /* YYJKitDemoTests */ = {
			isa = PBXNativeTarget;
			buildConfigurationList = 416BC7CF24EFAFCA00AECE99 /* Build configuration list for PBXNativeTarget "YYJKitDemoTests" */;
			buildPhases = (
				416BC7B424EFAFCA00AECE99 /* Sources */,
				416BC7B524EFAFCA00AECE99 /* Frameworks */,
				416BC7B624EFAFCA00AECE99 /* Resources */,
			);
			buildRules = (
			);
			dependencies = (
				416BC7BA24EFAFCA00AECE99 /* PBXTargetDependency */,
			);
			name = YYJKitDemoTests;
			productName = YYJKitDemoTests;
			productReference = 416BC7B824EFAFCA00AECE99 /* YYJKitDemoTests.xctest */;
			productType = "com.apple.product-type.bundle.unit-test";
		};
		416BC7C224EFAFCA00AECE99 /* YYJKitDemoUITests */ = {
			isa = PBXNativeTarget;
			buildConfigurationList = 416BC7D224EFAFCA00AECE99 /* Build configuration list for PBXNativeTarget "YYJKitDemoUITests" */;
			buildPhases = (
				416BC7BF24EFAFCA00AECE99 /* Sources */,
				416BC7C024EFAFCA00AECE99 /* Frameworks */,
				416BC7C124EFAFCA00AECE99 /* Resources */,
			);
			buildRules = (
			);
			dependencies = (
				416BC7C524EFAFCA00AECE99 /* PBXTargetDependency */,
			);
			name = YYJKitDemoUITests;
			productName = YYJKitDemoUITests;
			productReference = 416BC7C324EFAFCA00AECE99 /* YYJKitDemoUITests.xctest */;
			productType = "com.apple.product-type.bundle.ui-testing";
		};
/* End PBXNativeTarget section */

/* Begin PBXProject section */
		416BC79524EFAFC900AECE99 /* Project object */ = {
			isa = PBXProject;
			attributes = {
				LastUpgradeCheck = 1130;
				ORGANIZATIONNAME = yangyingjun;
				TargetAttributes = {
					416BC79C24EFAFC900AECE99 = {
						CreatedOnToolsVersion = 11.3.1;
					};
					416BC7B724EFAFCA00AECE99 = {
						CreatedOnToolsVersion = 11.3.1;
						TestTargetID = 416BC79C24EFAFC900AECE99;
					};
					416BC7C224EFAFCA00AECE99 = {
						CreatedOnToolsVersion = 11.3.1;
						TestTargetID = 416BC79C24EFAFC900AECE99;
					};
				};
			};
			buildConfigurationList = 416BC79824EFAFC900AECE99 /* Build configuration list for PBXProject "YYJKitDemo" */;
			compatibilityVersion = "Xcode 9.3";
			developmentRegion = en;
			hasScannedForEncodings = 0;
			knownRegions = (
				en,
				Base,
			);
			mainGroup = 416BC79424EFAFC900AECE99;
			productRefGroup = 416BC79E24EFAFCA00AECE99 /* Products */;
			projectDirPath = "";
			projectRoot = "";
			targets = (
				416BC79C24EFAFC900AECE99 /* YYJKitDemo */,
				416BC7B724EFAFCA00AECE99 /* YYJKitDemoTests */,
				416BC7C224EFAFCA00AECE99 /* YYJKitDemoUITests */,
			);
		};
/* End PBXProject section */

/* Begin PBXResourcesBuildPhase section */
		416BC79B24EFAFC900AECE99 /* Resources */ = {
			isa = PBXResourcesBuildPhase;
			buildActionMask = 2147483647;
			files = (
				416BC7B024EFAFCA00AECE99 /* LaunchScreen.storyboard in Resources */,
				416BC7AD24EFAFCA00AECE99 /* Assets.xcassets in Resources */,
				416BC7AB24EFAFCA00AECE99 /* Main.storyboard in Resources */,
			);
			runOnlyForDeploymentPostprocessing = 0;
		};
		416BC7B624EFAFCA00AECE99 /* Resources */ = {
			isa = PBXResourcesBuildPhase;
			buildActionMask = 2147483647;
			files = (
			);
			runOnlyForDeploymentPostprocessing = 0;
		};
		416BC7C124EFAFCA00AECE99 /* Resources */ = {
			isa = PBXResourcesBuildPhase;
			buildActionMask = 2147483647;
			files = (
			);
			runOnlyForDeploymentPostprocessing = 0;
		};
/* End PBXResourcesBuildPhase section */

/* Begin PBXSourcesBuildPhase section */
		416BC79924EFAFC900AECE99 /* Sources */ = {
			isa = PBXSourcesBuildPhase;
			buildActionMask = 2147483647;
			files = (
				416BC7A824EFAFCA00AECE99 /* ViewController.m in Sources */,
				413DE36B24EFC97100FEDA08 /* NSDictionary+YYJ.m in Sources */,
				416BC7A224EFAFCA00AECE99 /* AppDelegate.m in Sources */,
				416BC7B324EFAFCA00AECE99 /* main.m in Sources */,
				41A412FA24EFF69200B9C20E /* UIButton+YYJ.m in Sources */,
				413DE36E24EFCEEA00FEDA08 /* UILabel+YYJ.m in Sources */,
				413DE36824EFC95E00FEDA08 /* NSArray+YYJ.m in Sources */,
				416BC7A524EFAFCA00AECE99 /* SceneDelegate.m in Sources */,
				41CD952724F36D2A00ABF5FC /* YYJUtil.m in Sources */,
				41A412F724EFF67100B9C20E /* UIView+YYJ.m in Sources */,
			);
			runOnlyForDeploymentPostprocessing = 0;
		};
		416BC7B424EFAFCA00AECE99 /* Sources */ = {
			isa = PBXSourcesBuildPhase;
			buildActionMask = 2147483647;
			files = (
				416BC7BD24EFAFCA00AECE99 /* YYJKitDemoTests.m in Sources */,
			);
			runOnlyForDeploymentPostprocessing = 0;
		};
		416BC7BF24EFAFCA00AECE99 /* Sources */ = {
			isa = PBXSourcesBuildPhase;
			buildActionMask = 2147483647;
			files = (
				416BC7C824EFAFCA00AECE99 /* YYJKitDemoUITests.m in Sources */,
			);
			runOnlyForDeploymentPostprocessing = 0;
		};
/* End PBXSourcesBuildPhase section */

/* Begin PBXTargetDependency section */
		416BC7BA24EFAFCA00AECE99 /* PBXTargetDependency */ = {
			isa = PBXTargetDependency;
			target = 416BC79C24EFAFC900AECE99 /* YYJKitDemo */;
			targetProxy = 416BC7B924EFAFCA00AECE99 /* PBXContainerItemProxy */;
		};
		416BC7C524EFAFCA00AECE99 /* PBXTargetDependency */ = {
			isa = PBXTargetDependency;
			target = 416BC79C24EFAFC900AECE99 /* YYJKitDemo */;
			targetProxy = 416BC7C424EFAFCA00AECE99 /* PBXContainerItemProxy */;
		};
/* End PBXTargetDependency section */

/* Begin PBXVariantGroup section */
		416BC7A924EFAFCA00AECE99 /* Main.storyboard */ = {
			isa = PBXVariantGroup;
			children = (
				416BC7AA24EFAFCA00AECE99 /* Base */,
			);
			name = Main.storyboard;
			sourceTree = "<group>";
		};
		416BC7AE24EFAFCA00AECE99 /* LaunchScreen.storyboard */ = {
			isa = PBXVariantGroup;
			children = (
				416BC7AF24EFAFCA00AECE99 /* Base */,
			);
			name = LaunchScreen.storyboard;
			sourceTree = "<group>";
		};
/* End PBXVariantGroup section */

/* Begin XCBuildConfiguration section */
		416BC7CA24EFAFCA00AECE99 /* Debug */ = {
			isa = XCBuildConfiguration;
			buildSettings = {
				ALWAYS_SEARCH_USER_PATHS = NO;
				CLANG_ANALYZER_NONNULL = YES;
				CLANG_ANALYZER_NUMBER_OBJECT_CONVERSION = YES_AGGRESSIVE;
				CLANG_CXX_LANGUAGE_STANDARD = "gnu++14";
				CLANG_CXX_LIBRARY = "libc++";
				CLANG_ENABLE_MODULES = YES;
				CLANG_ENABLE_OBJC_ARC = YES;
				CLANG_ENABLE_OBJC_WEAK = YES;
				CLANG_WARN_BLOCK_CAPTURE_AUTORELEASING = YES;
				CLANG_WARN_BOOL_CONVERSION = YES;
				CLANG_WARN_COMMA = YES;
				CLANG_WARN_CONSTANT_CONVERSION = YES;
				CLANG_WARN_DEPRECATED_OBJC_IMPLEMENTATIONS = YES;
				CLANG_WARN_DIRECT_OBJC_ISA_USAGE = YES_ERROR;
				CLANG_WARN_DOCUMENTATION_COMMENTS = YES;
				CLANG_WARN_EMPTY_BODY = YES;
				CLANG_WARN_ENUM_CONVERSION = YES;
				CLANG_WARN_INFINITE_RECURSION = YES;
				CLANG_WARN_INT_CONVERSION = YES;
				CLANG_WARN_NON_LITERAL_NULL_CONVERSION = YES;
				CLANG_WARN_OBJC_IMPLICIT_RETAIN_SELF = YES;
				CLANG_WARN_OBJC_LITERAL_CONVERSION = YES;
				CLANG_WARN_OBJC_ROOT_CLASS = YES_ERROR;
				CLANG_WARN_RANGE_LOOP_ANALYSIS = YES;
				CLANG_WARN_STRICT_PROTOTYPES = YES;
				CLANG_WARN_SUSPICIOUS_MOVE = YES;
				CLANG_WARN_UNGUARDED_AVAILABILITY = YES_AGGRESSIVE;
				CLANG_WARN_UNREACHABLE_CODE = YES;
				CLANG_WARN__DUPLICATE_METHOD_MATCH = YES;
				COPY_PHASE_STRIP = NO;
				DEBUG_INFORMATION_FORMAT = dwarf;
				ENABLE_STRICT_OBJC_MSGSEND = YES;
				ENABLE_TESTABILITY = YES;
				GCC_C_LANGUAGE_STANDARD = gnu11;
				GCC_DYNAMIC_NO_PIC = NO;
				GCC_NO_COMMON_BLOCKS = YES;
				GCC_OPTIMIZATION_LEVEL = 0;
				GCC_PREPROCESSOR_DEFINITIONS = (
					"DEBUG=1",
					"$(inherited)",
				);
				GCC_WARN_64_TO_32_BIT_CONVERSION = YES;
				GCC_WARN_ABOUT_RETURN_TYPE = YES_ERROR;
				GCC_WARN_UNDECLARED_SELECTOR = YES;
				GCC_WARN_UNINITIALIZED_AUTOS = YES_AGGRESSIVE;
				GCC_WARN_UNUSED_FUNCTION = YES;
				GCC_WARN_UNUSED_VARIABLE = YES;
				IPHONEOS_DEPLOYMENT_TARGET = 13.2;
				MTL_ENABLE_DEBUG_INFO = INCLUDE_SOURCE;
				MTL_FAST_MATH = YES;
				ONLY_ACTIVE_ARCH = YES;
				SDKROOT = iphoneos;
			};
			name = Debug;
		};
		416BC7CB24EFAFCA00AECE99 /* Release */ = {
			isa = XCBuildConfiguration;
			buildSettings = {
				ALWAYS_SEARCH_USER_PATHS = NO;
				CLANG_ANALYZER_NONNULL = YES;
				CLANG_ANALYZER_NUMBER_OBJECT_CONVERSION = YES_AGGRESSIVE;
				CLANG_CXX_LANGUAGE_STANDARD = "gnu++14";
				CLANG_CXX_LIBRARY = "libc++";
				CLANG_ENABLE_MODULES = YES;
				CLANG_ENABLE_OBJC_ARC = YES;
				CLANG_ENABLE_OBJC_WEAK = YES;
				CLANG_WARN_BLOCK_CAPTURE_AUTORELEASING = YES;
				CLANG_WARN_BOOL_CONVERSION = YES;
				CLANG_WARN_COMMA = YES;
				CLANG_WARN_CONSTANT_CONVERSION = YES;
				CLANG_WARN_DEPRECATED_OBJC_IMPLEMENTATIONS = YES;
				CLANG_WARN_DIRECT_OBJC_ISA_USAGE = YES_ERROR;
				CLANG_WARN_DOCUMENTATION_COMMENTS = YES;
				CLANG_WARN_EMPTY_BODY = YES;
				CLANG_WARN_ENUM_CONVERSION = YES;
				CLANG_WARN_INFINITE_RECURSION = YES;
				CLANG_WARN_INT_CONVERSION = YES;
				CLANG_WARN_NON_LITERAL_NULL_CONVERSION = YES;
				CLANG_WARN_OBJC_IMPLICIT_RETAIN_SELF = YES;
				CLANG_WARN_OBJC_LITERAL_CONVERSION = YES;
				CLANG_WARN_OBJC_ROOT_CLASS = YES_ERROR;
				CLANG_WARN_RANGE_LOOP_ANALYSIS = YES;
				CLANG_WARN_STRICT_PROTOTYPES = YES;
				CLANG_WARN_SUSPICIOUS_MOVE = YES;
				CLANG_WARN_UNGUARDED_AVAILABILITY = YES_AGGRESSIVE;
				CLANG_WARN_UNREACHABLE_CODE = YES;
				CLANG_WARN__DUPLICATE_METHOD_MATCH = YES;
				COPY_PHASE_STRIP = NO;
				DEBUG_INFORMATION_FORMAT = "dwarf-with-dsym";
				ENABLE_NS_ASSERTIONS = NO;
				ENABLE_STRICT_OBJC_MSGSEND = YES;
				GCC_C_LANGUAGE_STANDARD = gnu11;
				GCC_NO_COMMON_BLOCKS = YES;
				GCC_WARN_64_TO_32_BIT_CONVERSION = YES;
				GCC_WARN_ABOUT_RETURN_TYPE = YES_ERROR;
				GCC_WARN_UNDECLARED_SELECTOR = YES;
				GCC_WARN_UNINITIALIZED_AUTOS = YES_AGGRESSIVE;
				GCC_WARN_UNUSED_FUNCTION = YES;
				GCC_WARN_UNUSED_VARIABLE = YES;
				IPHONEOS_DEPLOYMENT_TARGET = 13.2;
				MTL_ENABLE_DEBUG_INFO = NO;
				MTL_FAST_MATH = YES;
				SDKROOT = iphoneos;
				VALIDATE_PRODUCT = YES;
			};
			name = Release;
		};
		416BC7CD24EFAFCA00AECE99 /* Debug */ = {
			isa = XCBuildConfiguration;
			buildSettings = {
				ASSETCATALOG_COMPILER_APPICON_NAME = AppIcon;
				CODE_SIGN_STYLE = Automatic;
				DEVELOPMENT_TEAM = ED98Y5F5Y5;
				INFOPLIST_FILE = YYJKitDemo/Info.plist;
				IPHONEOS_DEPLOYMENT_TARGET = 9.0;
				LD_RUNPATH_SEARCH_PATHS = (
					"$(inherited)",
					"@executable_path/Frameworks",
				);
				MARKETING_VERSION = 1.0;
				PRODUCT_BUNDLE_IDENTIFIER = yangyingjun.YYJKitDemo;
				PRODUCT_NAME = "$(TARGET_NAME)";
				TARGETED_DEVICE_FAMILY = 1;
			};
			name = Debug;
		};
		416BC7CE24EFAFCA00AECE99 /* Release */ = {
			isa = XCBuildConfiguration;
			buildSettings = {
				ASSETCATALOG_COMPILER_APPICON_NAME = AppIcon;
				CODE_SIGN_STYLE = Automatic;
				DEVELOPMENT_TEAM = ED98Y5F5Y5;
				INFOPLIST_FILE = YYJKitDemo/Info.plist;
				IPHONEOS_DEPLOYMENT_TARGET = 9.0;
				LD_RUNPATH_SEARCH_PATHS = (
					"$(inherited)",
					"@executable_path/Frameworks",
				);
				MARKETING_VERSION = 1.0;
				PRODUCT_BUNDLE_IDENTIFIER = yangyingjun.YYJKitDemo;
				PRODUCT_NAME = "$(TARGET_NAME)";
				TARGETED_DEVICE_FAMILY = 1;
			};
			name = Release;
		};
		416BC7D024EFAFCA00AECE99 /* Debug */ = {
			isa = XCBuildConfiguration;
			buildSettings = {
				BUNDLE_LOADER = "$(TEST_HOST)";
				CODE_SIGN_STYLE = Automatic;
				DEVELOPMENT_TEAM = ED98Y5F5Y5;
				INFOPLIST_FILE = YYJKitDemoTests/Info.plist;
				IPHONEOS_DEPLOYMENT_TARGET = 13.2;
				LD_RUNPATH_SEARCH_PATHS = (
					"$(inherited)",
					"@executable_path/Frameworks",
					"@loader_path/Frameworks",
				);
				PRODUCT_BUNDLE_IDENTIFIER = yangyingjun.YYJKitDemoTests;
				PRODUCT_NAME = "$(TARGET_NAME)";
				TARGETED_DEVICE_FAMILY = "1,2";
				TEST_HOST = "$(BUILT_PRODUCTS_DIR)/YYJKitDemo.app/YYJKitDemo";
			};
			name = Debug;
		};
		416BC7D124EFAFCA00AECE99 /* Release */ = {
			isa = XCBuildConfiguration;
			buildSettings = {
				BUNDLE_LOADER = "$(TEST_HOST)";
				CODE_SIGN_STYLE = Automatic;
				DEVELOPMENT_TEAM = ED98Y5F5Y5;
				INFOPLIST_FILE = YYJKitDemoTests/Info.plist;
				IPHONEOS_DEPLOYMENT_TARGET = 13.2;
				LD_RUNPATH_SEARCH_PATHS = (
					"$(inherited)",
					"@executable_path/Frameworks",
					"@loader_path/Frameworks",
				);
				PRODUCT_BUNDLE_IDENTIFIER = yangyingjun.YYJKitDemoTests;
				PRODUCT_NAME = "$(TARGET_NAME)";
				TARGETED_DEVICE_FAMILY = "1,2";
				TEST_HOST = "$(BUILT_PRODUCTS_DIR)/YYJKitDemo.app/YYJKitDemo";
			};
			name = Release;
		};
		416BC7D324EFAFCA00AECE99 /* Debug */ = {
			isa = XCBuildConfiguration;
			buildSettings = {
				CODE_SIGN_STYLE = Automatic;
				DEVELOPMENT_TEAM = ED98Y5F5Y5;
				INFOPLIST_FILE = YYJKitDemoUITests/Info.plist;
				LD_RUNPATH_SEARCH_PATHS = (
					"$(inherited)",
					"@executable_path/Frameworks",
					"@loader_path/Frameworks",
				);
				PRODUCT_BUNDLE_IDENTIFIER = yangyingjun.YYJKitDemoUITests;
				PRODUCT_NAME = "$(TARGET_NAME)";
				TARGETED_DEVICE_FAMILY = "1,2";
				TEST_TARGET_NAME = YYJKitDemo;
			};
			name = Debug;
		};
		416BC7D424EFAFCA00AECE99 /* Release */ = {
			isa = XCBuildConfiguration;
			buildSettings = {
				CODE_SIGN_STYLE = Automatic;
				DEVELOPMENT_TEAM = ED98Y5F5Y5;
				INFOPLIST_FILE = YYJKitDemoUITests/Info.plist;
				LD_RUNPATH_SEARCH_PATHS = (
					"$(inherited)",
					"@executable_path/Frameworks",
					"@loader_path/Frameworks",
				);
				PRODUCT_BUNDLE_IDENTIFIER = yangyingjun.YYJKitDemoUITests;
				PRODUCT_NAME = "$(TARGET_NAME)";
				TARGETED_DEVICE_FAMILY = "1,2";
				TEST_TARGET_NAME = YYJKitDemo;
			};
			name = Release;
		};
/* End XCBuildConfiguration section */

/* Begin XCConfigurationList section */
		416BC79824EFAFC900AECE99 /* Build configuration list for PBXProject "YYJKitDemo" */ = {
			isa = XCConfigurationList;
			buildConfigurations = (
				416BC7CA24EFAFCA00AECE99 /* Debug */,
				416BC7CB24EFAFCA00AECE99 /* Release */,
			);
			defaultConfigurationIsVisible = 0;
			defaultConfigurationName = Release;
		};
		416BC7CC24EFAFCA00AECE99 /* Build configuration list for PBXNativeTarget "YYJKitDemo" */ = {
			isa = XCConfigurationList;
			buildConfigurations = (
				416BC7CD24EFAFCA00AECE99 /* Debug */,
				416BC7CE24EFAFCA00AECE99 /* Release */,
			);
			defaultConfigurationIsVisible = 0;
			defaultConfigurationName = Release;
		};
		416BC7CF24EFAFCA00AECE99 /* Build configuration list for PBXNativeTarget "YYJKitDemoTests" */ = {
			isa = XCConfigurationList;
			buildConfigurations = (
				416BC7D024EFAFCA00AECE99 /* Debug */,
				416BC7D124EFAFCA00AECE99 /* Release */,
			);
			defaultConfigurationIsVisible = 0;
			defaultConfigurationName = Release;
		};
		416BC7D224EFAFCA00AECE99 /* Build configuration list for PBXNativeTarget "YYJKitDemoUITests" */ = {
			isa = XCConfigurationList;
			buildConfigurations = (
				416BC7D324EFAFCA00AECE99 /* Debug */,
				416BC7D424EFAFCA00AECE99 /* Release */,
			);
			defaultConfigurationIsVisible = 0;
			defaultConfigurationName = Release;
		};
/* End XCConfigurationList section */
	};
	rootObject = 416BC79524EFAFC900AECE99 /* Project object */;
}
